{
  "name": "assets",
  "lockfileVersion": 3,
  "requires": true,
  "packages": {
    "": {
      "dependencies": {
        "heroicons": "^2.0.17",
        "topbar": "^2.0.1"
      }
    },
    "node_modules/heroicons": {
      "version": "2.0.17",
      "resolved": "https://registry.npmjs.org/heroicons/-/heroicons-2.0.17.tgz",
      "integrity": "sha512-9d5HE+YwwBkzDAIwt3x9O4bPmv5UGKrvqP4D/wwMaaKunPQkoI6FQjWXuXZNKGNieW/1+r1nf40bydEIi76jjw=="
    },
    "node_modules/topbar": {
      "version": "2.0.1",
      "resolved": "https://registry.npmjs.org/topbar/-/topbar-2.0.1.tgz",
      "integrity": "sha512-4KvcxrJuGS3wkx8QacT7dfnkwyPJOuDzGUvHO/GDZqgoEEEFKTnZqCC6PYcvuZ0OfMNdyyKeAzVB2MPk0BIe8A=="
    }
  }
}
